dependencies:
  espressif/cjson:
    component_hash: e788323270d90738662d66fffa910bfe1fba019bba087f01557e70c40485b469
    dependencies:
    - name: idf
      require: private
      version: '>=5.0'
    source:
      registry_url: https://components.espressif.com/
      type: service
    version: 1.7.19~2
  espressif/mdns:
    component_hash: e81ca7a7f53ea34e78274df054da692c272e1315572876b237b1748e267c013b
    dependencies:
    - name: idf
      require: private
      version: '>=5.0'
    source:
      registry_url: https://components.espressif.com/
      type: service
    version: 1.11.3
  espressif/usb:
    component_hash: 1d90d7c7b0682dbfcc36f47cf5acf224a5cfb850a62f39cd86d3159cfec12a81
    dependencies:
    - name: idf
      require: private
      version: '>=5.4'
    source:
      registry_url: https://components.espressif.com/
      type: service
    targets:
    - esp32s2
    - esp32s3
    - esp32s31
    - esp32p4
    - esp32h4
    - linux
    version: 1.4.1
  idf:
    source:
      type: idf
    version: 6.0.2
direct_dependencies:
- espressif/cjson
- espressif/mdns
- espressif/usb
- idf
manifest_hash: fa413862c39db873fad580669b37734c5aaf7864d63e28129d8d63a9182ea690
target: esp32s3
version: 3.0.0
